// !$*UTF8*$!
{
	archiveVersion = 1;
	classes = {
	};
	objectVersion = 55;
	objects = {

/* Begin PBXBuildFile section */
		6AF76B4091E915B3BC1D9203 /* Pods_SurvicateRepro.framework in Frameworks */ = {isa = PBXBuildFile; fileRef = 4E803AC5F28CCA5AC1396C31 /* Pods_SurvicateRepro.framework */; };
		D957F634296CDEB000599E63 /* AppDelegate.swift in Sources */ = {isa = PBXBuildFile; fileRef = D957F633296CDEB000599E63 /* AppDelegate.swift */; };
		D957F636296CDEB000599E63 /* SceneDelegate.swift in Sources */ = {isa = PBXBuildFile; fileRef = D957F635296CDEB000599E63 /* SceneDelegate.swift */; };
		D957F638296CDEB000599E63 /* ViewController.swift in Sources */ = {isa = PBXBuildFile; fileRef = D957F637296CDEB000599E63 /* ViewController.swift */; };
		D957F63B296CDEB000599E63 /* Main.storyboard in Resources */ = {isa = PBXBuildFile; fileRef = D957F639296CDEB000599E63 /* Main.storyboard */; };
		D957F63D296CDEB100599E63 /* Assets.xcassets in Resources */ = {isa = PBXBuildFile; fileRef = D957F63C296CDEB100599E63 /* Assets.xcassets */; };
		D957F640296CDEB100599E63 /* LaunchScreen.storyboard in Resources */ = {isa = PBXBuildFile; fileRef = D957F63E296CDEB100599E63 /* LaunchScreen.storyboard */; };
/* End PBXBuildFile section */

/* Begin PBXFileReference section */
		4E803AC5F28CCA5AC1396C31 /* Pods_SurvicateRepro.framework */ = {isa = PBXFileReference; explicitFileType = wrapper.framework; includeInIndex = 0; path = Pods_SurvicateRepro.framework; sourceTree = BUILT_PRODUCTS_DIR; };
		CD145363D2FF023974963815 /* Pods-SurvicateRepro.debug.xcconfig */ = {isa = PBXFileReference; includeInIndex = 1; lastKnownFileType = text.xcconfig; name = "Pods-SurvicateRepro.debug.xcconfig"; path = "Target Support Files/Pods-SurvicateRepro/Pods-SurvicateRepro.debug.xcconfig"; sourceTree = "<group>"; };
		D957F630296CDEB000599E63 /* SurvicateRepro.app */ = {isa = PBXFileReference; explicitFileType = wrapper.application; includeInIndex = 0; path = SurvicateRepro.app; sourceTree = BUILT_PRODUCTS_DIR; };
		D957F633296CDEB000599E63 /* AppDelegate.swift */ = {isa = PBXFileReference; lastKnownFileType = sourcecode.swift; path = AppDelegate.swift; sourceTree = "<group>"; };
		D957F635296CDEB000599E63 /* SceneDelegate.swift */ = {isa = PBXFileReference; lastKnownFileType = sourcecode.swift; path = SceneDelegate.swift; sourceTree = "<group>"; };
		D957F637296CDEB000599E63 /* ViewController.swift */ = {isa = PBXFileReference; lastKnownFileType = sourcecode.swift; path = ViewController.swift; sourceTree = "<group>"; };
		D957F63A296CDEB000599E63 /* Base */ = {isa = PBXFileReference; lastKnownFileType = file.storyboard; name = Base; path = Base.lproj/Main.storyboard; sourceTree = "<group>"; };
		D957F63C296CDEB100599E63 /* Assets.xcassets */ = {isa = PBXFileReference; lastKnownFileType = folder.assetcatalog; path = Assets.xcassets; sourceTree = "<group>"; };
		D957F63F296CDEB100599E63 /* Base */ = {isa = PBXFileReference; lastKnownFileType = file.storyboard; name = Base; path = Base.lproj/LaunchScreen.storyboard; sourceTree = "<group>"; };
		D957F641296CDEB100599E63 /* Info.plist */ = {isa = PBXFileReference; lastKnownFileType = text.plist.xml; path = Info.plist; sourceTree = "<group>"; };
		F53DC4118BB3AB35F86C3851 /* Pods-SurvicateRepro.release.xcconfig */ = {isa = PBXFileReference; includeInIndex = 1; lastKnownFileType = text.xcconfig; name = "Pods-SurvicateRepro.release.xcconfig"; path = "Target Support Files/Pods-SurvicateRepro/Pods-SurvicateRepro.release.xcconfig"; sourceTree = "<group>"; };
/* End PBXFileReference section */

/* Begin PBXFrameworksBuildPhase section */
		D957F62D296CDEB000599E63 /* Frameworks */ = {
			isa = PBXFrameworksBuildPhase;
			buildActionMask = 2147483647;
			files = (
				6AF76B4091E915B3BC1D9203 /* Pods_SurvicateRepro.framework in Frameworks */,
			);
			runOnlyForDeploymentPostprocessing = 0;
		};
/* End PBXFrameworksBuildPhase section */

/* Begin PBXGroup section */
		65E661A6DC4F89A05686BD44 /* Pods */ = {
			isa = PBXGroup;
			children = (
				CD145363D2FF023974963815 /* Pods-SurvicateRepro.debug.xcconfig */,
				F53DC4118BB3AB35F86C3851 /* Pods-SurvicateRepro.release.xcconfig */,
			);
			name = Pods;
			path = Pods;
			sourceTree = "<group>";
		};
		7995DF7AEBEF424DEAFDB6AD /* Frameworks */ = {
			isa = PBXGroup;
			children = (
				4E803AC5F28CCA5AC1396C31 /* Pods_SurvicateRepro.framework */,
			);
			name = Frameworks;
			sourceTree = "<group>";
		};
		D957F627296CDEB000599E63 = {
			isa = PBXGroup;
			children = (
				D957F632296CDEB000599E63 /* SurvicateRepro */,
				D957F631296CDEB000599E63 /* Products */,
				65E661A6DC4F89A05686BD44 /* Pods */,
				7995DF7AEBEF424DEAFDB6AD /* Frameworks */,
			);
			sourceTree = "<group>";
		};
		D957F631296CDEB000599E63 /* Products */ = {
			isa = PBXGroup;
			children = (
				D957F630296CDEB000599E63 /* SurvicateRepro.app */,
			);
			name = Products;
			sourceTree = "<group>";
		};
		D957F632296CDEB000599E63 /* SurvicateRepro */ = {
			isa = PBXGroup;
			children = (
				D957F633296CDEB000599E63 /* AppDelegate.swift */,
				D957F635296CDEB000599E63 /* SceneDelegate.swift */,
				D957F637296CDEB000599E63 /* ViewController.swift */,
				D957F639296CDEB000599E63 /* Main.storyboard */,
				D957F63C296CDEB100599E63 /* Assets.xcassets */,
				D957F63E296CDEB100599E63 /* LaunchScreen.storyboard */,
				D957F641296CDEB100599E63 /* Info.plist */,
			);
			path = SurvicateRepro;
			sourceTree = "<group>";
		};
/* End PBXGroup section */

/* Begin PBXNativeTarget section */
		D957F62F296CDEB000599E63 /* SurvicateRepro */ = {
			isa = PBXNativeTarget;
			buildConfigurationList = D957F644296CDEB100599E63 /* Build configuration list for PBXNativeTarget "SurvicateRepro" */;
			buildPhases = (
				7A3D2AF4682DE52AE8567206 /* [CP] Check Pods Manifest.lock */,
				D957F62C296CDEB000599E63 /* Sources */,
				D957F62D296CDEB000599E63 /* Frameworks */,
				D957F62E296CDEB000599E63 /* Resources */,
				178959398FEC599375C68025 /* [CP] Embed Pods Frameworks */,
			);
			buildRules = (
			);
			dependencies = (
			);
			name = SurvicateRepro;
			productName = SurvicateRepro;
			productReference = D957F630296CDEB000599E63 /* SurvicateRepro.app */;
			productType = "com.apple.product-type.application";
		};
/* End PBXNativeTarget section */

/* Begin PBXProject section */
		D957F628296CDEB000599E63 /* Project object */ = {
			isa = PBXProject;
			attributes = {
				BuildIndependentTargetsInParallel = 1;
				LastSwiftUpdateCheck = 1410;
				LastUpgradeCheck = 1410;
				TargetAttributes = {
					D957F62F296CDEB000599E63 = {
						CreatedOnToolsVersion = 14.1;
					};
				};
			};
			buildConfigurationList = D957F62B296CDEB000599E63 /* Build configuration list for PBXProject "SurvicateRepro" */;
			compatibilityVersion = "Xcode 13.0";
			developmentRegion = en;
			hasScannedForEncodings = 0;
			knownRegions = (
				en,
				Base,
			);
			mainGroup = D957F627296CDEB000599E63;
			productRefGroup = D957F631296CDEB000599E63 /* Products */;
			projectDirPath = "";
			projectRoot = "";
			targets = (
				D957F62F296CDEB000599E63 /* SurvicateRepro */,
			);
		};
/* End PBXProject section */

/* Begin PBXResourcesBuildPhase section */
		D957F62E296CDEB000599E63 /* Resources */ = {
			isa = PBXResourcesBuildPhase;
			buildActionMask = 2147483647;
			files = (
				D957F640296CDEB100599E63 /* LaunchScreen.storyboard in Resources */,
				D957F63D296CDEB100599E63 /* Assets.xcassets in Resources */,
				D957F63B296CDEB000599E63 /* Main.storyboard in Resources */,
			);
			runOnlyForDeploymentPostprocessing = 0;
		};
/* End PBXResourcesBuildPhase section */

/* Begin PBXShellScriptBuildPhase section */
		178959398FEC599375C68025 /* [CP] Embed Pods Frameworks */ = {
			isa = PBXShellScriptBuildPhase;
			buildActionMask = 2147483647;
			files = (
			);
			inputFileListPaths = (
				"${PODS_ROOT}/Target Support Files/Pods-SurvicateRepro/Pods-SurvicateRepro-frameworks-${CONFIGURATION}-input-files.xcfilelist",
			);
			name = "[CP] Embed Pods Frameworks";
			outputFileListPaths = (
				"${PODS_ROOT}/Target Support Files/Pods-SurvicateRepro/Pods-SurvicateRepro-frameworks-${CONFIGURATION}-output-files.xcfilelist",
			);
			runOnlyForDeploymentPostprocessing = 0;
			shellPath = /bin/sh;
			shellScript = "\"${PODS_ROOT}/Target Support Files/Pods-SurvicateRepro/Pods-SurvicateRepro-frameworks.sh\"\n";
			showEnvVarsInLog = 0;
		};
		7A3D2AF4682DE52AE8567206 /* [CP] Check Pods Manifest.lock */ = {
			isa = PBXShellScriptBuildPhase;
			buildActionMask = 2147483647;
			files = (
			);
			inputFileListPaths = (
			);
			inputPaths = (
				"${PODS_PODFILE_DIR_PATH}/Podfile.lock",
				"${PODS_ROOT}/Manifest.lock",
			);
			name = "[CP] Check Pods Manifest.lock";
			outputFileListPaths = (
			);
			outputPaths = (
				"$(DERIVED_FILE_DIR)/Pods-SurvicateRepro-checkManifestLockResult.txt",
			);
			runOnlyForDeploymentPostprocessing = 0;
			shellPath = /bin/sh;
			shellScript = "diff \"${PODS_PODFILE_DIR_PATH}/Podfile.lock\" \"${PODS_ROOT}/Manifest.lock\" > /dev/null\nif [ $? != 0 ] ; then\n    # print error to STDERR\n    echo \"error: The sandbox is not in sync with the Podfile.lock. Run 'pod install' or update your CocoaPods installation.\" >&2\n    exit 1\nfi\n# This output is used by Xcode 'outputs' to avoid re-running this script phase.\necho \"SUCCESS\" > \"${SCRIPT_OUTPUT_FILE_0}\"\n";
			showEnvVarsInLog = 0;
		};
/* End PBXShellScriptBuildPhase section */

/* Begin PBXSourcesBuildPhase section */
		D957F62C296CDEB000599E63 /* Sources */ = {
			isa = PBXSourcesBuildPhase;
			buildActionMask = 2147483647;
			files = (
				D957F638296CDEB000599E63 /* ViewController.swift in Sources */,
				D957F634296CDEB000599E63 /* AppDelegate.swift in Sources */,
				D957F636296CDEB000599E63 /* SceneDelegate.swift in Sources */,
			);
			runOnlyForDeploymentPostprocessing = 0;
		};
/* End PBXSourcesBuildPhase section */

/* Begin PBXVariantGroup section */
		D957F639296CDEB000599E63 /* Main.storyboard */ = {
			isa = PBXVariantGroup;
			children = (
				D957F63A296CDEB000599E63 /* Base */,
			);
			name = Main.storyboard;
			sourceTree = "<group>";
		};
		D957F63E296CDEB100599E63 /* LaunchScreen.storyboard */ = {
			isa = PBXVariantGroup;
			children = (
				D957F63F296CDEB100599E63 /* Base */,
			);
			name = LaunchScreen.storyboard;
			sourceTree = "<group>";
		};
/* End PBXVariantGroup section */

/* Begin XCBuildConfiguration section */
		D957F642296CDEB100599E63 /* Debug */ = {
			isa = XCBuildConfiguration;
			buildSettings = {
				ALWAYS_SEARCH_USER_PATHS = NO;
				CLANG_ANALYZER_NONNULL = YES;
				CLANG_ANALYZER_NUMBER_OBJECT_CONVERSION = YES_AGGRESSIVE;
				CLANG_CXX_LANGUAGE_STANDARD = "gnu++20";
				CLANG_ENABLE_MODULES = YES;
				CLANG_ENABLE_OBJC_ARC = YES;
				CLANG_ENABLE_OBJC_WEAK = YES;
				CLANG_WARN_BLOCK_CAPTURE_AUTORELEASING = YES;
				CLANG_WARN_BOOL_CONVERSION = YES;
				CLANG_WARN_COMMA = YES;
				CLANG_WARN_CONSTANT_CONVERSION = YES;
				CLANG_WARN_DEPRECATED_OBJC_IMPLEMENTATIONS = YES;
				CLANG_WARN_DIRECT_OBJC_ISA_USAGE = YES_ERROR;
				CLANG_WARN_DOCUMENTATION_COMMENTS = YES;
				CLANG_WARN_EMPTY_BODY = YES;
				CLANG_WARN_ENUM_CONVERSION = YES;
				CLANG_WARN_INFINITE_RECURSION = YES;
				CLANG_WARN_INT_CONVERSION = YES;
				CLANG_WARN_NON_LITERAL_NULL_CONVERSION = YES;
				CLANG_WARN_OBJC_IMPLICIT_RETAIN_SELF = YES;
				CLANG_WARN_OBJC_LITERAL_CONVERSION = YES;
				CLANG_WARN_OBJC_ROOT_CLASS = YES_ERROR;
				CLANG_WARN_QUOTED_INCLUDE_IN_FRAMEWORK_HEADER = YES;
				CLANG_WARN_RANGE_LOOP_ANALYSIS = YES;
				CLANG_WARN_STRICT_PROTOTYPES = YES;
				CLANG_WARN_SUSPICIOUS_MOVE = YES;
				CLANG_WARN_UNGUARDED_AVAILABILITY = YES_AGGRESSIVE;
				CLANG_WARN_UNREACHABLE_CODE = YES;
				CLANG_WARN__DUPLICATE_METHOD_MATCH = YES;
				COPY_PHASE_STRIP = NO;
				DEBUG_INFORMATION_FORMAT = dwarf;
				ENABLE_STRICT_OBJC_MSGSEND = YES;
				ENABLE_TESTABILITY = YES;
				GCC_C_LANGUAGE_STANDARD = gnu11;
				GCC_DYNAMIC_NO_PIC = NO;
				GCC_NO_COMMON_BLOCKS = YES;
				GCC_OPTIMIZATION_LEVEL = 0;
				GCC_PREPROCESSOR_DEFINITIONS = (
					"DEBUG=1",
					"$(inherited)",
				);
				GCC_WARN_64_TO_32_BIT_CONVERSION = YES;
				GCC_WARN_ABOUT_RETURN_TYPE = YES_ERROR;
				GCC_WARN_UNDECLARED_SELECTOR = YES;
				GCC_WARN_UNINITIALIZED_AUTOS = YES_AGGRESSIVE;
				GCC_WARN_UNUSED_FUNCTION = YES;
				GCC_WARN_UNUSED_VARIABLE = YES;
				IPHONEOS_DEPLOYMENT_TARGET = 13.0;
				MTL_ENABLE_DEBUG_INFO = INCLUDE_SOURCE;
				MTL_FAST_MATH = YES;
				ONLY_ACTIVE_ARCH = YES;
				SDKROOT = iphoneos;
				SWIFT_ACTIVE_COMPILATION_CONDITIONS = DEBUG;
				SWIFT_OPTIMIZATION_LEVEL = "-Onone";
			};
			name = Debug;
		};
		D957F643296CDEB100599E63 /* Release */ = {
			isa = XCBuildConfiguration;
			buildSettings = {
				ALWAYS_SEARCH_USER_PATHS = NO;
				CLANG_ANALYZER_NONNULL = YES;
				CLANG_ANALYZER_NUMBER_OBJECT_CONVERSION = YES_AGGRESSIVE;
				CLANG_CXX_LANGUAGE_STANDARD = "gnu++20";
				CLANG_ENABLE_MODULES = YES;
				CLANG_ENABLE_OBJC_ARC = YES;
				CLANG_ENABLE_OBJC_WEAK = YES;
				CLANG_WARN_BLOCK_CAPTURE_AUTORELEASING = YES;
				CLANG_WARN_BOOL_CONVERSION = YES;
				CLANG_WARN_COMMA = YES;
				CLANG_WARN_CONSTANT_CONVERSION = YES;
				CLANG_WARN_DEPRECATED_OBJC_IMPLEMENTATIONS = YES;
				CLANG_WARN_DIRECT_OBJC_ISA_USAGE = YES_ERROR;
				CLANG_WARN_DOCUMENTATION_COMMENTS = YES;
				CLANG_WARN_EMPTY_BODY = YES;
				CLANG_WARN_ENUM_CONVERSION = YES;
				CLANG_WARN_INFINITE_RECURSION = YES;
				CLANG_WARN_INT_CONVERSION = YES;
				CLANG_WARN_NON_LITERAL_NULL_CONVERSION = YES;
				CLANG_WARN_OBJC_IMPLICIT_RETAIN_SELF = YES;
				CLANG_WARN_OBJC_LITERAL_CONVERSION = YES;
				CLANG_WARN_OBJC_ROOT_CLASS = YES_ERROR;
				CLANG_WARN_QUOTED_INCLUDE_IN_FRAMEWORK_HEADER = YES;
				CLANG_WARN_RANGE_LOOP_ANALYSIS = YES;
				CLANG_WARN_STRICT_PROTOTYPES = YES;
				CLANG_WARN_SUSPICIOUS_MOVE = YES;
				CLANG_WARN_UNGUARDED_AVAILABILITY = YES_AGGRESSIVE;
				CLANG_WARN_UNREACHABLE_CODE = YES;
				CLANG_WARN__DUPLICATE_METHOD_MATCH = YES;
				COPY_PHASE_STRIP = NO;
				DEBUG_INFORMATION_FORMAT = "dwarf-with-dsym";
				ENABLE_NS_ASSERTIONS = NO;
				ENABLE_STRICT_OBJC_MSGSEND = YES;
				GCC_C_LANGUAGE_STANDARD = gnu11;
				GCC_NO_COMMON_BLOCKS = YES;
				GCC_WARN_64_TO_32_BIT_CONVERSION = YES;
				GCC_WARN_ABOUT_RETURN_TYPE = YES_ERROR;
				GCC_WARN_UNDECLARED_SELECTOR = YES;
				GCC_WARN_UNINITIALIZED_AUTOS = YES_AGGRESSIVE;
				GCC_WARN_UNUSED_FUNCTION = YES;
				GCC_WARN_UNUSED_VARIABLE = YES;
				IPHONEOS_DEPLOYMENT_TARGET = 13.0;
				MTL_ENABLE_DEBUG_INFO = NO;
				MTL_FAST_MATH = YES;
				SDKROOT = iphoneos;
				SWIFT_COMPILATION_MODE = wholemodule;
				SWIFT_OPTIMIZATION_LEVEL = "-O";
				VALIDATE_PRODUCT = YES;
			};
			name = Release;
		};
		D957F645296CDEB100599E63 /* Debug */ = {
			isa = XCBuildConfiguration;
			baseConfigurationReference = CD145363D2FF023974963815 /* Pods-SurvicateRepro.debug.xcconfig */;
			buildSettings = {
				ASSETCATALOG_COMPILER_APPICON_NAME = AppIcon;
				ASSETCATALOG_COMPILER_GLOBAL_ACCENT_COLOR_NAME = AccentColor;
				CODE_SIGN_STYLE = Automatic;
				CURRENT_PROJECT_VERSION = 1;
				DEVELOPMENT_TEAM = YU9U6J5U3K;
				GENERATE_INFOPLIST_FILE = YES;
				INFOPLIST_FILE = SurvicateRepro/Info.plist;
				INFOPLIST_KEY_UIApplicationSupportsIndirectInputEvents = YES;
				INFOPLIST_KEY_UILaunchStoryboardName = LaunchScreen;
				INFOPLIST_KEY_UIMainStoryboardFile = Main;
				INFOPLIST_KEY_UISupportedInterfaceOrientations_iPad = "UIInterfaceOrientationPortrait UIInterfaceOrientationPortraitUpsideDown UIInterfaceOrientationLandscapeLeft UIInterfaceOrientationLandscapeRight";
				INFOPLIST_KEY_UISupportedInterfaceOrientations_iPhone = "UIInterfaceOrientationPortrait UIInterfaceOrientationLandscapeLeft UIInterfaceOrientationLandscapeRight";
				IPHONEOS_DEPLOYMENT_TARGET = 13.0;
				LD_RUNPATH_SEARCH_PATHS = (
					"$(inherited)",
					"@executable_path/Frameworks",
				);
				MARKETING_VERSION = 1.0;
				PRODUCT_BUNDLE_IDENTIFIER = com.jane.SurvicateRepro;
				PRODUCT_NAME = "$(TARGET_NAME)";
				SWIFT_EMIT_LOC_STRINGS = YES;
				SWIFT_VERSION = 5.0;
				TARGETED_DEVICE_FAMILY = "1,2";
			};
			name = Debug;
		};
		D957F646296CDEB100599E63 /* Release */ = {
			isa = XCBuildConfiguration;
			baseConfigurationReference = F53DC4118BB3AB35F86C3851 /* Pods-SurvicateRepro.release.xcconfig */;
			buildSettings = {
				ASSETCATALOG_COMPILER_APPICON_NAME = AppIcon;
				ASSETCATALOG_COMPILER_GLOBAL_ACCENT_COLOR_NAME = AccentColor;
				CODE_SIGN_STYLE = Automatic;
				CURRENT_PROJECT_VERSION = 1;
				DEVELOPMENT_TEAM = YU9U6J5U3K;
				GENERATE_INFOPLIST_FILE = YES;
				INFOPLIST_FILE = SurvicateRepro/Info.plist;
				INFOPLIST_KEY_UIApplicationSupportsIndirectInputEvents = YES;
				INFOPLIST_KEY_UILaunchStoryboardName = LaunchScreen;
				INFOPLIST_KEY_UIMainStoryboardFile = Main;
				INFOPLIST_KEY_UISupportedInterfaceOrientations_iPad = "UIInterfaceOrientationPortrait UIInterfaceOrientationPortraitUpsideDown UIInterfaceOrientationLandscapeLeft UIInterfaceOrientationLandscapeRight";
				INFOPLIST_KEY_UISupportedInterfaceOrientations_iPhone = "UIInterfaceOrientationPortrait UIInterfaceOrientationLandscapeLeft UIInterfaceOrientationLandscapeRight";
				IPHONEOS_DEPLOYMENT_TARGET = 13.0;
				LD_RUNPATH_SEARCH_PATHS = (
					"$(inherited)",
					"@executable_path/Frameworks",
				);
				MARKETING_VERSION = 1.0;
				PRODUCT_BUNDLE_IDENTIFIER = com.jane.SurvicateRepro;
				PRODUCT_NAME = "$(TARGET_NAME)";
				SWIFT_EMIT_LOC_STRINGS = YES;
				SWIFT_VERSION = 5.0;
				TARGETED_DEVICE_FAMILY = "1,2";
			};
			name = Release;
		};
/* End XCBuildConfiguration section */

/* Begin XCConfigurationList section */
		D957F62B296CDEB000599E63 /* Build configuration list for PBXProject "SurvicateRepro" */ = {
			isa = XCConfigurationList;
			buildConfigurations = (
				D957F642296CDEB100599E63 /* Debug */,
				D957F643296CDEB100599E63 /* Release */,
			);
			defaultConfigurationIsVisible = 0;
			defaultConfigurationName = Release;
		};
		D957F644296CDEB100599E63 /* Build configuration list for PBXNativeTarget "SurvicateRepro" */ = {
			isa = XCConfigurationList;
			buildConfigurations = (
				D957F645296CDEB100599E63 /* Debug */,
				D957F646296CDEB100599E63 /* Release */,
			);
			defaultConfigurationIsVisible = 0;
			defaultConfigurationName = Release;
		};
/* End XCConfigurationList section */
	};
	rootObject = D957F628296CDEB000599E63 /* Project object */;
}
